
Microsoft Visual Studio Solution File, Format Version 11.00
# Visual C++ Express 2010
Project("{8BC9CEB8-8B4A-11D0-8D11-00A0C91BC942}") = "assembler", "assembler\assembler.vcxproj", "{E9B66786-6E8D-4A09-BC13-D03685B6C1C7}"
EndProject
Global
	GlobalSection(SolutionConfigurationPlatforms) = preSolution
		Debug|Win32 = Debug|Win32
		Release|Win32 = Release|Win32
	EndGlobalSection
	GlobalSection(ProjectConfigurationPlatforms) = postSolution
		{E9B66786-6E8D-4A09-BC13-D03685B6C1C7}.Debug|Win32.ActiveCfg = Debug|Win32
		{E9B66786-6E8D-4A09-BC13-D03685B6C1C7}.Debug|Win32.Build.0 = Debug|Win32
		{E9B66786-6E8D-4A09-BC13-D03685B6C1C7}.Release|Win32.ActiveCfg = Release|Win32
		{E9B66786-6E8D-4A09-BC13-D03685B6C1C7}.Release|Win32.Build.0 = Release|Win32
	EndGlobalSection
	GlobalSection(SolutionProperties) = preSolution
		HideSolutionNode = FALSE
	EndGlobalSection
EndGlobal
